
Microsoft Visual Studio Solution File, Format Version 12.00
# Visual Studio Version 17
VisualStudioVersion = 17.1.32210.238
MinimumVisualStudioVersion = 10.0.40219.1
Project("{FAE04EC0-301F-11D3-BF4B-00C04F79EFBC}") = "WCFDemoService", "WCFDemoService\WCFDemoService.csproj", "{60C98CFD-DA69-481B-96C4-638FD35AE1C2}"
EndProject
Project("{FAE04EC0-301F-11D3-BF4B-00C04F79EFBC}") = "WCFConsoleHost", "WCFConsoleHost\WCFConsoleHost.csproj", "{251E38E5-D1D2-4E04-A9D4-5C88D6ED3D6F}"
EndProject
Project("{FAE04EC0-301F-11D3-BF4B-00C04F79EFBC}") = "HelloServiceConsoleClient", "HelloServiceConsoleClient\HelloServiceConsoleClient.csproj", "{AC2570D2-A6DD-457E-94AB-A470B6044524}"
EndProject
Project("{FAE04EC0-301F-11D3-BF4B-00C04F79EFBC}") = "HelloServiceWebClient", "HelloServiceWebClient\HelloServiceWebClient.csproj", "{83F330D9-400B-4A63-AB85-C5898267AAD7}"
EndProject
Global
	GlobalSection(SolutionConfigurationPlatforms) = preSolution
		Debug|Any CPU = Debug|Any CPU
		Release|Any CPU = Release|Any CPU
	EndGlobalSection
	GlobalSection(ProjectConfigurationPlatforms) = postSolution
		{60C98CFD-DA69-481B-96C4-638FD35AE1C2}.Debug|Any CPU.ActiveCfg = Debug|Any CPU
		{60C98CFD-DA69-481B-96C4-638FD35AE1C2}.Debug|Any CPU.Build.0 = Debug|Any CPU
		{60C98CFD-DA69-481B-96C4-638FD35AE1C2}.Release|Any CPU.ActiveCfg = Release|Any CPU
		{60C98CFD-DA69-481B-96C4-638FD35AE1C2}.Release|Any CPU.Build.0 = Release|Any CPU
		{251E38E5-D1D2-4E04-A9D4-5C88D6ED3D6F}.Debug|Any CPU.ActiveCfg = Debug|Any CPU
		{251E38E5-D1D2-4E04-A9D4-5C88D6ED3D6F}.Debug|Any CPU.Build.0 = Debug|Any CPU
		{251E38E5-D1D2-4E04-A9D4-5C88D6ED3D6F}.Release|Any CPU.ActiveCfg = Release|Any CPU
		{251E38E5-D1D2-4E04-A9D4-5C88D6ED3D6F}.Release|Any CPU.Build.0 = Release|Any CPU
		{AC2570D2-A6DD-457E-94AB-A470B6044524}.Debug|Any CPU.ActiveCfg = Debug|Any CPU
		{AC2570D2-A6DD-457E-94AB-A470B6044524}.Debug|Any CPU.Build.0 = Debug|Any CPU
		{AC2570D2-A6DD-457E-94AB-A470B6044524}.Release|Any CPU.ActiveCfg = Release|Any CPU
		{AC2570D2-A6DD-457E-94AB-A470B6044524}.Release|Any CPU.Build.0 = Release|Any CPU
		{83F330D9-400B-4A63-AB85-C5898267AAD7}.Debug|Any CPU.ActiveCfg = Debug|Any CPU
		{83F330D9-400B-4A63-AB85-C5898267AAD7}.Debug|Any CPU.Build.0 = Debug|Any CPU
		{83F330D9-400B-4A63-AB85-C5898267AAD7}.Release|Any CPU.ActiveCfg = Release|Any CPU
		{83F330D9-400B-4A63-AB85-C5898267AAD7}.Release|Any CPU.Build.0 = Release|Any CPU
	EndGlobalSection
	GlobalSection(SolutionProperties) = preSolution
		HideSolutionNode = FALSE
	EndGlobalSection
	GlobalSection(ExtensibilityGlobals) = postSolution
		SolutionGuid = {B8C23ACC-C944-4E3F-8D33-FCA13055650E}
	EndGlobalSection
EndGlobal
